
Microsoft Visual Studio Solution File, Format Version 12.00
# Visual Studio Version 16
VisualStudioVersion = 16.0.30503.244
MinimumVisualStudioVersion = 10.0.40219.1
Project("{FAE04EC0-301F-11D3-BF4B-00C04F79EFBC}") = "tutorial-01", "tutorial-01.csproj", "{F5DCBE35-48DC-484D-B7F8-62C80E83C0CF}"
EndProject
Global
	GlobalSection(SolutionConfigurationPlatforms) = preSolution
		Debug|Any CPU = Debug|Any CPU
		Release|Any CPU = Release|Any CPU
	EndGlobalSection
	GlobalSection(ProjectConfigurationPlatforms) = postSolution
		{F5DCBE35-48DC-484D-B7F8-62C80E83C0CF}.Debug|Any CPU.ActiveCfg = Debug|Any CPU
		{F5DCBE35-48DC-484D-B7F8-62C80E83C0CF}.Debug|Any CPU.Build.0 = Debug|Any CPU
		{F5DCBE35-48DC-484D-B7F8-62C80E83C0CF}.Release|Any CPU.ActiveCfg = Release|Any CPU
		{F5DCBE35-48DC-484D-B7F8-62C80E83C0CF}.Release|Any CPU.Build.0 = Release|Any CPU
	EndGlobalSection
	GlobalSection(SolutionProperties) = preSolution
		HideSolutionNode = FALSE
	EndGlobalSection
	GlobalSection(ExtensibilityGlobals) = postSolution
		SolutionGuid = {4372FC18-31C7-4DEE-AB9F-8DB9CA9B3FBE}
	EndGlobalSection
EndGlobal
